{
  "version": 4,
  "terraform_version": "1.13.3",
  "serial": 5,
  "lineage": "9bc11256-cc7f-92df-08ed-c84f06a37876",
  "outputs": {},
  "resources": [
    {
      "module": "module.monitoring",
      "mode": "managed",
      "type": "azurerm_log_analytics_workspace",
      "name": "logs",
      "provider": "provider[\"registry.terraform.io/hashicorp/azurerm\"]",
      "instances": [
        {
          "schema_version": 3,
          "attributes": {
            "allow_resource_only_permissions": true,
            "cmk_for_query_forced": false,
            "daily_quota_gb": -1,
            "data_collection_rule_id": "",
            "id": "/subscriptions/65c37065-d316-4ed3-a720-cc0c3872ac3a/resourceGroups/reactAppInfra/providers/Microsoft.OperationalInsights/workspaces/reactAppLogs",
            "identity": [],
            "immediate_data_purge_on_30_days_enabled": false,
            "internet_ingestion_enabled": true,
            "internet_query_enabled": true,
            "local_authentication_disabled": false,
            "location": "eastus",
            "name": "reactAppLogs",
            "primary_shared_key": "60pgkswsYdV8Qy6aS21wQEt4Kv3unAu/XpkU34s8HxUndosLgl9GG9OtJh1pFrNBEgwcWBxC7fB6DzZ2GB0/Hg==",
            "reservation_capacity_in_gb_per_day": null,
            "resource_group_name": "reactAppInfra",
            "retention_in_days": 30,
            "secondary_shared_key": "4bytZpy9XD5Rlvar3ZvDwLfnCSaTic8ykylLyfuGehO9iWS6hXEbKMnZ6o6p65NmjQu+gMh8EtRgVLDGWMKa6Q==",
            "sku": "PerGB2018",
            "tags": null,
            "timeouts": null,
            "workspace_id": "3cf30c86-e2c0-492a-9bb7-87410514f86d"
          },
          "sensitive_attributes": [
            [
              {
                "type": "get_attr",
                "value": "primary_shared_key"
              }
            ],
            [
              {
                "type": "get_attr",
                "value": "secondary_shared_key"
              }
            ]
          ],
          "identity_schema_version": 0,
          "private": "eyJlMmJmYjczMC1lY2FhLTExZTYtOGY4OC0zNDM2M2JjN2M0YzAiOnsiY3JlYXRlIjoxODAwMDAwMDAwMDAwLCJkZWxldGUiOjE4MDAwMDAwMDAwMDAsInJlYWQiOjMwMDAwMDAwMDAwMCwidXBkYXRlIjoxODAwMDAwMDAwMDAwfSwic2NoZW1hX3ZlcnNpb24iOiIzIn0="
        }
      ]
    }
  ],
  "check_results": null
}
